
Microsoft Visual Studio Solution File, Format Version 12.00
# Visual Studio Version 17
VisualStudioVersion = 17.9.34723.18
MinimumVisualStudioVersion = 10.0.40219.1
Project("{2150E333-8FDC-42A3-9474-1A3956D46DE8}") = "identityserver", "identityserver", "{B66FFBDF-DF08-4DAF-9880-D011CB5532DE}"
EndProject
Project("{2150E333-8FDC-42A3-9474-1A3956D46DE8}") = "services", "services", "{508D9FA2-9426-4D74-9C13-C5E229336C79}"
EndProject
Project("{2150E333-8FDC-42A3-9474-1A3956D46DE8}") = "gateways", "gateways", "{0882B6C3-7010-4268-A9FE-EA8C325CA416}"
EndProject
Project("{2150E333-8FDC-42A3-9474-1A3956D46DE8}") = "shared", "shared", "{4F4F8145-5AC6-44BD-8797-38410B21962F}"
EndProject
Project("{2150E333-8FDC-42A3-9474-1A3956D46DE8}") = "admin", "admin", "{8E4ACB50-33F3-4337-9C1F-D1C4B95A171D}"
EndProject
Project("{2150E333-8FDC-42A3-9474-1A3956D46DE8}") = "sale", "sale", "{753233C7-0488-456C-9D17-C5947DD651F8}"
EndProject
Project("{2150E333-8FDC-42A3-9474-1A3956D46DE8}") = "dealer", "dealer", "{5CBECF0A-20C9-4A51-A6BA-7DF18217480E}"
EndProject
Project("{9A19103F-16F7-4668-BE54-9A1E7A4F7556}") = "Sale.Application", "services\sale\Sale.Application\Sale.Application.csproj", "{F9E22D80-4D91-497A-A09C-F11C109DB59B}"
EndProject
Project("{9A19103F-16F7-4668-BE54-9A1E7A4F7556}") = "Sale.Domain", "services\sale\Sale.Domain\Sale.Domain.csproj", "{1D4F020D-CCA0-470A-9062-6F255D0D8A54}"
EndProject
Project("{9A19103F-16F7-4668-BE54-9A1E7A4F7556}") = "Sale.Infrastructure", "services\sale\Sale.Infrastructure\Sale.Infrastructure.csproj", "{FA8F2F8D-194B-4FF6-B996-4431C2D70840}"
EndProject
Project("{9A19103F-16F7-4668-BE54-9A1E7A4F7556}") = "Sale.Persistence", "services\sale\Sale.Persistence\Sale.Persistence.csproj", "{E3E6FCEA-1802-4A4B-B6B2-36DC5A067506}"
EndProject
Project("{9A19103F-16F7-4668-BE54-9A1E7A4F7556}") = "Sale.WebAPI", "services\sale\Sale.WebAPI\Sale.WebAPI.csproj", "{078FB740-E1A4-4FC7-B8FD-6B5123CAD412}"
EndProject
Project("{9A19103F-16F7-4668-BE54-9A1E7A4F7556}") = "Core.Application", "shared\Core.Application\Core.Application.csproj", "{B1323A99-5DAF-45A3-82CD-7DEA194BE43C}"
EndProject
Project("{9A19103F-16F7-4668-BE54-9A1E7A4F7556}") = "Core.CrossCuttingConcerns", "shared\Core.CrossCuttingConcerns\Core.CrossCuttingConcerns.csproj", "{AA19C1DC-A3E0-4950-8C6C-852DA2FA04BC}"
EndProject
Project("{9A19103F-16F7-4668-BE54-9A1E7A4F7556}") = "Core.Security", "shared\Core.Security\Core.Security.csproj", "{AF49D7DB-EFF6-4C3F-85AB-8534EDC558A9}"
EndProject
Project("{9A19103F-16F7-4668-BE54-9A1E7A4F7556}") = "Core.Persistence", "shared\Core.Persistence\Core.Persistence.csproj", "{C0FC8AB1-DD8F-4CD9-AA50-B5D712184C43}"
EndProject
Project("{9A19103F-16F7-4668-BE54-9A1E7A4F7556}") = "Dealer.Application", "services\dealer\Dealer.Application\Dealer.Application.csproj", "{D2B500E6-30B8-4A88-A985-9E1D272C1449}"
EndProject
Project("{9A19103F-16F7-4668-BE54-9A1E7A4F7556}") = "Dealer.Domain", "services\dealer\Dealer.Domain\Dealer.Domain.csproj", "{BDA2E331-62A7-4989-9B28-2D1EE97E103F}"
EndProject
Project("{9A19103F-16F7-4668-BE54-9A1E7A4F7556}") = "Dealer.Infrastructure", "services\dealer\Dealer.Infrastructure\Dealer.Infrastructure.csproj", "{4ECCFB3C-E87C-45AD-87AB-5ECA6CC3EE0E}"
EndProject
Project("{9A19103F-16F7-4668-BE54-9A1E7A4F7556}") = "Dealer.Persistence", "services\dealer\Dealer.Persistence\Dealer.Persistence.csproj", "{B6469127-BBBB-4B17-B29F-80F2714052A7}"
EndProject
Project("{9A19103F-16F7-4668-BE54-9A1E7A4F7556}") = "Dealer.WebAPI", "services\dealer\Dealer.WebAPI\Dealer.WebAPI.csproj", "{AEE98EE5-8958-4DF8-8945-1A45EBC4D0A5}"
EndProject
Project("{9A19103F-16F7-4668-BE54-9A1E7A4F7556}") = "Application", "identityserver\Application\Application.csproj", "{B463498E-AA7A-4370-AC4D-5728061B3E9D}"
EndProject
Project("{9A19103F-16F7-4668-BE54-9A1E7A4F7556}") = "Domain", "identityserver\Domain\Domain.csproj", "{9F18AED0-E4ED-4113-9F9A-9875F12F2E8D}"
EndProject
Project("{9A19103F-16F7-4668-BE54-9A1E7A4F7556}") = "Infrastructure", "identityserver\Infrastructure\Infrastructure.csproj", "{767D6365-8775-443A-9323-495B95998C2E}"
EndProject
Project("{9A19103F-16F7-4668-BE54-9A1E7A4F7556}") = "WebAPI", "identityserver\WebAPI\WebAPI.csproj", "{483E3BB0-0953-4588-958C-73767129CF1D}"
EndProject
Project("{9A19103F-16F7-4668-BE54-9A1E7A4F7556}") = "Persistence", "identityserver\Persistence\Persistence.csproj", "{50CBB4F0-D4DE-48CB-AB30-14A083FA8437}"
EndProject
Project("{9A19103F-16F7-4668-BE54-9A1E7A4F7556}") = "Admin.Application", "services\admin\Admin.Application\Admin.Application.csproj", "{C88CDC7D-9762-42CF-AE84-E9D72D87E65C}"
EndProject
Project("{9A19103F-16F7-4668-BE54-9A1E7A4F7556}") = "Admin.Domain", "services\admin\Admin.Domain\Admin.Domain.csproj", "{D1495E35-E5E2-4D9D-9ECC-A968AC10C7A3}"
EndProject
Project("{9A19103F-16F7-4668-BE54-9A1E7A4F7556}") = "Admin.Infrastructure", "services\admin\Admin.Infrastructure\Admin.Infrastructure.csproj", "{ECB03780-15E0-4C55-A455-8814AB24D99A}"
EndProject
Project("{9A19103F-16F7-4668-BE54-9A1E7A4F7556}") = "Admin.Persistence", "services\admin\Admin.Persistence\Admin.Persistence.csproj", "{031BC6FC-1DEC-4C23-A527-FFC27BCD4C14}"
EndProject
Project("{9A19103F-16F7-4668-BE54-9A1E7A4F7556}") = "Admin.WebAPI", "services\admin\Admin.WebAPI\Admin.WebAPI.csproj", "{4B5CDB13-92A2-4BBF-9B58-D39D48F8D7EF}"
EndProject
Project("{9A19103F-16F7-4668-BE54-9A1E7A4F7556}") = "Core.Domain", "shared\Core.Domain\Core.Domain.csproj", "{B71799C3-B161-4DA2-9355-DD4EF49E2285}"
EndProject
Project("{9A19103F-16F7-4668-BE54-9A1E7A4F7556}") = "Shared", "shared\Shared\Shared.csproj", "{56D50DA0-79CD-4B7B-982A-42BFEA88CAB8}"
EndProject
Project("{9A19103F-16F7-4668-BE54-9A1E7A4F7556}") = "Contracts", "shared\Contracts\Contracts.csproj", "{FB39B078-8857-483C-8D40-6F76A15A2653}"
EndProject
Project("{9A19103F-16F7-4668-BE54-9A1E7A4F7556}") = "Api.Gateway", "gateways\Api.Gateway\Api.Gateway.csproj", "{C52C460D-60DD-404D-8DC0-227CD4C50F92}"
EndProject
Global
	GlobalSection(SolutionConfigurationPlatforms) = preSolution
		Debug|Any CPU = Debug|Any CPU
		Release|Any CPU = Release|Any CPU
	EndGlobalSection
	GlobalSection(ProjectConfigurationPlatforms) = postSolution
		{F9E22D80-4D91-497A-A09C-F11C109DB59B}.Debug|Any CPU.ActiveCfg = Debug|Any CPU
		{F9E22D80-4D91-497A-A09C-F11C109DB59B}.Debug|Any CPU.Build.0 = Debug|Any CPU
		{F9E22D80-4D91-497A-A09C-F11C109DB59B}.Release|Any CPU.ActiveCfg = Release|Any CPU
		{F9E22D80-4D91-497A-A09C-F11C109DB59B}.Release|Any CPU.Build.0 = Release|Any CPU
		{1D4F020D-CCA0-470A-9062-6F255D0D8A54}.Debug|Any CPU.ActiveCfg = Debug|Any CPU
		{1D4F020D-CCA0-470A-9062-6F255D0D8A54}.Debug|Any CPU.Build.0 = Debug|Any CPU
		{1D4F020D-CCA0-470A-9062-6F255D0D8A54}.Release|Any CPU.ActiveCfg = Release|Any CPU
		{1D4F020D-CCA0-470A-9062-6F255D0D8A54}.Release|Any CPU.Build.0 = Release|Any CPU
		{FA8F2F8D-194B-4FF6-B996-4431C2D70840}.Debug|Any CPU.ActiveCfg = Debug|Any CPU
		{FA8F2F8D-194B-4FF6-B996-4431C2D70840}.Debug|Any CPU.Build.0 = Debug|Any CPU
		{FA8F2F8D-194B-4FF6-B996-4431C2D70840}.Release|Any CPU.ActiveCfg = Release|Any CPU
		{FA8F2F8D-194B-4FF6-B996-4431C2D70840}.Release|Any CPU.Build.0 = Release|Any CPU
		{E3E6FCEA-1802-4A4B-B6B2-36DC5A067506}.Debug|Any CPU.ActiveCfg = Debug|Any CPU
		{E3E6FCEA-1802-4A4B-B6B2-36DC5A067506}.Debug|Any CPU.Build.0 = Debug|Any CPU
		{E3E6FCEA-1802-4A4B-B6B2-36DC5A067506}.Release|Any CPU.ActiveCfg = Release|Any CPU
		{E3E6FCEA-1802-4A4B-B6B2-36DC5A067506}.Release|Any CPU.Build.0 = Release|Any CPU
		{078FB740-E1A4-4FC7-B8FD-6B5123CAD412}.Debug|Any CPU.ActiveCfg = Debug|Any CPU
		{078FB740-E1A4-4FC7-B8FD-6B5123CAD412}.Debug|Any CPU.Build.0 = Debug|Any CPU
		{078FB740-E1A4-4FC7-B8FD-6B5123CAD412}.Release|Any CPU.ActiveCfg = Release|Any CPU
		{078FB740-E1A4-4FC7-B8FD-6B5123CAD412}.Release|Any CPU.Build.0 = Release|Any CPU
		{B1323A99-5DAF-45A3-82CD-7DEA194BE43C}.Debug|Any CPU.ActiveCfg = Debug|Any CPU
		{B1323A99-5DAF-45A3-82CD-7DEA194BE43C}.Debug|Any CPU.Build.0 = Debug|Any CPU
		{B1323A99-5DAF-45A3-82CD-7DEA194BE43C}.Release|Any CPU.ActiveCfg = Release|Any CPU
		{B1323A99-5DAF-45A3-82CD-7DEA194BE43C}.Release|Any CPU.Build.0 = Release|Any CPU
		{AA19C1DC-A3E0-4950-8C6C-852DA2FA04BC}.Debug|Any CPU.ActiveCfg = Debug|Any CPU
		{AA19C1DC-A3E0-4950-8C6C-852DA2FA04BC}.Debug|Any CPU.Build.0 = Debug|Any CPU
		{AA19C1DC-A3E0-4950-8C6C-852DA2FA04BC}.Release|Any CPU.ActiveCfg = Release|Any CPU
		{AA19C1DC-A3E0-4950-8C6C-852DA2FA04BC}.Release|Any CPU.Build.0 = Release|Any CPU
		{AF49D7DB-EFF6-4C3F-85AB-8534EDC558A9}.Debug|Any CPU.ActiveCfg = Debug|Any CPU
		{AF49D7DB-EFF6-4C3F-85AB-8534EDC558A9}.Debug|Any CPU.Build.0 = Debug|Any CPU
		{AF49D7DB-EFF6-4C3F-85AB-8534EDC558A9}.Release|Any CPU.ActiveCfg = Release|Any CPU
		{AF49D7DB-EFF6-4C3F-85AB-8534EDC558A9}.Release|Any CPU.Build.0 = Release|Any CPU
		{C0FC8AB1-DD8F-4CD9-AA50-B5D712184C43}.Debug|Any CPU.ActiveCfg = Debug|Any CPU
		{C0FC8AB1-DD8F-4CD9-AA50-B5D712184C43}.Debug|Any CPU.Build.0 = Debug|Any CPU
		{C0FC8AB1-DD8F-4CD9-AA50-B5D712184C43}.Release|Any CPU.ActiveCfg = Release|Any CPU
		{C0FC8AB1-DD8F-4CD9-AA50-B5D712184C43}.Release|Any CPU.Build.0 = Release|Any CPU
		{D2B500E6-30B8-4A88-A985-9E1D272C1449}.Debug|Any CPU.ActiveCfg = Debug|Any CPU
		{D2B500E6-30B8-4A88-A985-9E1D272C1449}.Debug|Any CPU.Build.0 = Debug|Any CPU
		{D2B500E6-30B8-4A88-A985-9E1D272C1449}.Release|Any CPU.ActiveCfg = Release|Any CPU
		{D2B500E6-30B8-4A88-A985-9E1D272C1449}.Release|Any CPU.Build.0 = Release|Any CPU
		{BDA2E331-62A7-4989-9B28-2D1EE97E103F}.Debug|Any CPU.ActiveCfg = Debug|Any CPU
		{BDA2E331-62A7-4989-9B28-2D1EE97E103F}.Debug|Any CPU.Build.0 = Debug|Any CPU
		{BDA2E331-62A7-4989-9B28-2D1EE97E103F}.Release|Any CPU.ActiveCfg = Release|Any CPU
		{BDA2E331-62A7-4989-9B28-2D1EE97E103F}.Release|Any CPU.Build.0 = Release|Any CPU
		{4ECCFB3C-E87C-45AD-87AB-5ECA6CC3EE0E}.Debug|Any CPU.ActiveCfg = Debug|Any CPU
		{4ECCFB3C-E87C-45AD-87AB-5ECA6CC3EE0E}.Debug|Any CPU.Build.0 = Debug|Any CPU
		{4ECCFB3C-E87C-45AD-87AB-5ECA6CC3EE0E}.Release|Any CPU.ActiveCfg = Release|Any CPU
		{4ECCFB3C-E87C-45AD-87AB-5ECA6CC3EE0E}.Release|Any CPU.Build.0 = Release|Any CPU
		{B6469127-BBBB-4B17-B29F-80F2714052A7}.Debug|Any CPU.ActiveCfg = Debug|Any CPU
		{B6469127-BBBB-4B17-B29F-80F2714052A7}.Debug|Any CPU.Build.0 = Debug|Any CPU
		{B6469127-BBBB-4B17-B29F-80F2714052A7}.Release|Any CPU.ActiveCfg = Release|Any CPU
		{B6469127-BBBB-4B17-B29F-80F2714052A7}.Release|Any CPU.Build.0 = Release|Any CPU
		{AEE98EE5-8958-4DF8-8945-1A45EBC4D0A5}.Debug|Any CPU.ActiveCfg = Debug|Any CPU
		{AEE98EE5-8958-4DF8-8945-1A45EBC4D0A5}.Debug|Any CPU.Build.0 = Debug|Any CPU
		{AEE98EE5-8958-4DF8-8945-1A45EBC4D0A5}.Release|Any CPU.ActiveCfg = Release|Any CPU
		{AEE98EE5-8958-4DF8-8945-1A45EBC4D0A5}.Release|Any CPU.Build.0 = Release|Any CPU
		{B463498E-AA7A-4370-AC4D-5728061B3E9D}.Debug|Any CPU.ActiveCfg = Debug|Any CPU
		{B463498E-AA7A-4370-AC4D-5728061B3E9D}.Debug|Any CPU.Build.0 = Debug|Any CPU
		{B463498E-AA7A-4370-AC4D-5728061B3E9D}.Release|Any CPU.ActiveCfg = Release|Any CPU
		{B463498E-AA7A-4370-AC4D-5728061B3E9D}.Release|Any CPU.Build.0 = Release|Any CPU
		{9F18AED0-E4ED-4113-9F9A-9875F12F2E8D}.Debug|Any CPU.ActiveCfg = Debug|Any CPU
		{9F18AED0-E4ED-4113-9F9A-9875F12F2E8D}.Debug|Any CPU.Build.0 = Debug|Any CPU
		{9F18AED0-E4ED-4113-9F9A-9875F12F2E8D}.Release|Any CPU.ActiveCfg = Release|Any CPU
		{9F18AED0-E4ED-4113-9F9A-9875F12F2E8D}.Release|Any CPU.Build.0 = Release|Any CPU
		{767D6365-8775-443A-9323-495B95998C2E}.Debug|Any CPU.ActiveCfg = Debug|Any CPU
		{767D6365-8775-443A-9323-495B95998C2E}.Debug|Any CPU.Build.0 = Debug|Any CPU
		{767D6365-8775-443A-9323-495B95998C2E}.Release|Any CPU.ActiveCfg = Release|Any CPU
		{767D6365-8775-443A-9323-495B95998C2E}.Release|Any CPU.Build.0 = Release|Any CPU
		{483E3BB0-0953-4588-958C-73767129CF1D}.Debug|Any CPU.ActiveCfg = Debug|Any CPU
		{483E3BB0-0953-4588-958C-73767129CF1D}.Debug|Any CPU.Build.0 = Debug|Any CPU
		{483E3BB0-0953-4588-958C-73767129CF1D}.Release|Any CPU.ActiveCfg = Release|Any CPU
		{483E3BB0-0953-4588-958C-73767129CF1D}.Release|Any CPU.Build.0 = Release|Any CPU
		{50CBB4F0-D4DE-48CB-AB30-14A083FA8437}.Debug|Any CPU.ActiveCfg = Debug|Any CPU
		{50CBB4F0-D4DE-48CB-AB30-14A083FA8437}.Debug|Any CPU.Build.0 = Debug|Any CPU
		{50CBB4F0-D4DE-48CB-AB30-14A083FA8437}.Release|Any CPU.ActiveCfg = Release|Any CPU
		{50CBB4F0-D4DE-48CB-AB30-14A083FA8437}.Release|Any CPU.Build.0 = Release|Any CPU
		{C88CDC7D-9762-42CF-AE84-E9D72D87E65C}.Debug|Any CPU.ActiveCfg = Debug|Any CPU
		{C88CDC7D-9762-42CF-AE84-E9D72D87E65C}.Debug|Any CPU.Build.0 = Debug|Any CPU
		{C88CDC7D-9762-42CF-AE84-E9D72D87E65C}.Release|Any CPU.ActiveCfg = Release|Any CPU
		{C88CDC7D-9762-42CF-AE84-E9D72D87E65C}.Release|Any CPU.Build.0 = Release|Any CPU
		{D1495E35-E5E2-4D9D-9ECC-A968AC10C7A3}.Debug|Any CPU.ActiveCfg = Debug|Any CPU
		{D1495E35-E5E2-4D9D-9ECC-A968AC10C7A3}.Debug|Any CPU.Build.0 = Debug|Any CPU
		{D1495E35-E5E2-4D9D-9ECC-A968AC10C7A3}.Release|Any CPU.ActiveCfg = Release|Any CPU
		{D1495E35-E5E2-4D9D-9ECC-A968AC10C7A3}.Release|Any CPU.Build.0 = Release|Any CPU
		{ECB03780-15E0-4C55-A455-8814AB24D99A}.Debug|Any CPU.ActiveCfg = Debug|Any CPU
		{ECB03780-15E0-4C55-A455-8814AB24D99A}.Debug|Any CPU.Build.0 = Debug|Any CPU
		{ECB03780-15E0-4C55-A455-8814AB24D99A}.Release|Any CPU.ActiveCfg = Release|Any CPU
		{ECB03780-15E0-4C55-A455-8814AB24D99A}.Release|Any CPU.Build.0 = Release|Any CPU
		{031BC6FC-1DEC-4C23-A527-FFC27BCD4C14}.Debug|Any CPU.ActiveCfg = Debug|Any CPU
		{031BC6FC-1DEC-4C23-A527-FFC27BCD4C14}.Debug|Any CPU.Build.0 = Debug|Any CPU
		{031BC6FC-1DEC-4C23-A527-FFC27BCD4C14}.Release|Any CPU.ActiveCfg = Release|Any CPU
		{031BC6FC-1DEC-4C23-A527-FFC27BCD4C14}.Release|Any CPU.Build.0 = Release|Any CPU
		{4B5CDB13-92A2-4BBF-9B58-D39D48F8D7EF}.Debug|Any CPU.ActiveCfg = Debug|Any CPU
		{4B5CDB13-92A2-4BBF-9B58-D39D48F8D7EF}.Debug|Any CPU.Build.0 = Debug|Any CPU
		{4B5CDB13-92A2-4BBF-9B58-D39D48F8D7EF}.Release|Any CPU.ActiveCfg = Release|Any CPU
		{4B5CDB13-92A2-4BBF-9B58-D39D48F8D7EF}.Release|Any CPU.Build.0 = Release|Any CPU
		{B71799C3-B161-4DA2-9355-DD4EF49E2285}.Debug|Any CPU.ActiveCfg = Debug|Any CPU
		{B71799C3-B161-4DA2-9355-DD4EF49E2285}.Debug|Any CPU.Build.0 = Debug|Any CPU
		{B71799C3-B161-4DA2-9355-DD4EF49E2285}.Release|Any CPU.ActiveCfg = Release|Any CPU
		{B71799C3-B161-4DA2-9355-DD4EF49E2285}.Release|Any CPU.Build.0 = Release|Any CPU
		{56D50DA0-79CD-4B7B-982A-42BFEA88CAB8}.Debug|Any CPU.ActiveCfg = Debug|Any CPU
		{56D50DA0-79CD-4B7B-982A-42BFEA88CAB8}.Debug|Any CPU.Build.0 = Debug|Any CPU
		{56D50DA0-79CD-4B7B-982A-42BFEA88CAB8}.Release|Any CPU.ActiveCfg = Release|Any CPU
		{56D50DA0-79CD-4B7B-982A-42BFEA88CAB8}.Release|Any CPU.Build.0 = Release|Any CPU
		{FB39B078-8857-483C-8D40-6F76A15A2653}.Debug|Any CPU.ActiveCfg = Debug|Any CPU
		{FB39B078-8857-483C-8D40-6F76A15A2653}.Debug|Any CPU.Build.0 = Debug|Any CPU
		{FB39B078-8857-483C-8D40-6F76A15A2653}.Release|Any CPU.ActiveCfg = Release|Any CPU
		{FB39B078-8857-483C-8D40-6F76A15A2653}.Release|Any CPU.Build.0 = Release|Any CPU
		{C52C460D-60DD-404D-8DC0-227CD4C50F92}.Debug|Any CPU.ActiveCfg = Debug|Any CPU
		{C52C460D-60DD-404D-8DC0-227CD4C50F92}.Debug|Any CPU.Build.0 = Debug|Any CPU
		{C52C460D-60DD-404D-8DC0-227CD4C50F92}.Release|Any CPU.ActiveCfg = Release|Any CPU
		{C52C460D-60DD-404D-8DC0-227CD4C50F92}.Release|Any CPU.Build.0 = Release|Any CPU
	EndGlobalSection
	GlobalSection(SolutionProperties) = preSolution
		HideSolutionNode = FALSE
	EndGlobalSection
	GlobalSection(NestedProjects) = preSolution
		{8E4ACB50-33F3-4337-9C1F-D1C4B95A171D} = {508D9FA2-9426-4D74-9C13-C5E229336C79}
		{753233C7-0488-456C-9D17-C5947DD651F8} = {508D9FA2-9426-4D74-9C13-C5E229336C79}
		{5CBECF0A-20C9-4A51-A6BA-7DF18217480E} = {508D9FA2-9426-4D74-9C13-C5E229336C79}
		{F9E22D80-4D91-497A-A09C-F11C109DB59B} = {753233C7-0488-456C-9D17-C5947DD651F8}
		{1D4F020D-CCA0-470A-9062-6F255D0D8A54} = {753233C7-0488-456C-9D17-C5947DD651F8}
		{FA8F2F8D-194B-4FF6-B996-4431C2D70840} = {753233C7-0488-456C-9D17-C5947DD651F8}
		{E3E6FCEA-1802-4A4B-B6B2-36DC5A067506} = {753233C7-0488-456C-9D17-C5947DD651F8}
		{078FB740-E1A4-4FC7-B8FD-6B5123CAD412} = {753233C7-0488-456C-9D17-C5947DD651F8}
		{B1323A99-5DAF-45A3-82CD-7DEA194BE43C} = {4F4F8145-5AC6-44BD-8797-38410B21962F}
		{AA19C1DC-A3E0-4950-8C6C-852DA2FA04BC} = {4F4F8145-5AC6-44BD-8797-38410B21962F}
		{AF49D7DB-EFF6-4C3F-85AB-8534EDC558A9} = {4F4F8145-5AC6-44BD-8797-38410B21962F}
		{C0FC8AB1-DD8F-4CD9-AA50-B5D712184C43} = {4F4F8145-5AC6-44BD-8797-38410B21962F}
		{D2B500E6-30B8-4A88-A985-9E1D272C1449} = {5CBECF0A-20C9-4A51-A6BA-7DF18217480E}
		{BDA2E331-62A7-4989-9B28-2D1EE97E103F} = {5CBECF0A-20C9-4A51-A6BA-7DF18217480E}
		{4ECCFB3C-E87C-45AD-87AB-5ECA6CC3EE0E} = {5CBECF0A-20C9-4A51-A6BA-7DF18217480E}
		{B6469127-BBBB-4B17-B29F-80F2714052A7} = {5CBECF0A-20C9-4A51-A6BA-7DF18217480E}
		{AEE98EE5-8958-4DF8-8945-1A45EBC4D0A5} = {5CBECF0A-20C9-4A51-A6BA-7DF18217480E}
		{B463498E-AA7A-4370-AC4D-5728061B3E9D} = {B66FFBDF-DF08-4DAF-9880-D011CB5532DE}
		{9F18AED0-E4ED-4113-9F9A-9875F12F2E8D} = {B66FFBDF-DF08-4DAF-9880-D011CB5532DE}
		{767D6365-8775-443A-9323-495B95998C2E} = {B66FFBDF-DF08-4DAF-9880-D011CB5532DE}
		{483E3BB0-0953-4588-958C-73767129CF1D} = {B66FFBDF-DF08-4DAF-9880-D011CB5532DE}
		{50CBB4F0-D4DE-48CB-AB30-14A083FA8437} = {B66FFBDF-DF08-4DAF-9880-D011CB5532DE}
		{C88CDC7D-9762-42CF-AE84-E9D72D87E65C} = {8E4ACB50-33F3-4337-9C1F-D1C4B95A171D}
		{D1495E35-E5E2-4D9D-9ECC-A968AC10C7A3} = {8E4ACB50-33F3-4337-9C1F-D1C4B95A171D}
		{ECB03780-15E0-4C55-A455-8814AB24D99A} = {8E4ACB50-33F3-4337-9C1F-D1C4B95A171D}
		{031BC6FC-1DEC-4C23-A527-FFC27BCD4C14} = {8E4ACB50-33F3-4337-9C1F-D1C4B95A171D}
		{4B5CDB13-92A2-4BBF-9B58-D39D48F8D7EF} = {8E4ACB50-33F3-4337-9C1F-D1C4B95A171D}
		{B71799C3-B161-4DA2-9355-DD4EF49E2285} = {4F4F8145-5AC6-44BD-8797-38410B21962F}
		{56D50DA0-79CD-4B7B-982A-42BFEA88CAB8} = {4F4F8145-5AC6-44BD-8797-38410B21962F}
		{FB39B078-8857-483C-8D40-6F76A15A2653} = {4F4F8145-5AC6-44BD-8797-38410B21962F}
		{C52C460D-60DD-404D-8DC0-227CD4C50F92} = {0882B6C3-7010-4268-A9FE-EA8C325CA416}
	EndGlobalSection
	GlobalSection(ExtensibilityGlobals) = postSolution
		SolutionGuid = {51EA95E8-59EC-493A-9387-47A0DAFF1AA3}
	EndGlobalSection
EndGlobal
